{
  "name": "cd_time",
  "version": "1.0.0",
  "lockfileVersion": 3,
  "requires": true,
  "packages": {
    "": {
      "name": "cd_time",
      "version": "1.0.0",
      "license": "ISC",
      "dependencies": {
        "cd_consts": "github:RulezKT/cd_consts"
      }
    },
    "node_modules/cd_consts": {
      "version": "1.0.0",
      "resolved": "git+ssh://git@github.com/RulezKT/cd_consts.git#3663a0a19d38a328425d5b9f7302d9c19d847c05"
    }
  }
}
